
Microsoft Visual Studio Solution File, Format Version 12.00
# Visual Studio 15
VisualStudioVersion = 15.0.28010.2046
MinimumVisualStudioVersion = 10.0.40219.1
Project("{FAE04EC0-301F-11D3-BF4B-00C04F79EFBC}") = "Hashcode - Practice", "Hashcode - Practice\Hashcode - Practice.csproj", "{9A45C26A-CB2E-4FD2-997C-5281BA815790}"
EndProject
Project("{FAE04EC0-301F-11D3-BF4B-00C04F79EFBC}") = "Self Driving Car Scorer", "Self Driving Car Scorer\Self Driving Car Scorer.csproj", "{A4288A58-8A36-426A-9825-31B648613362}"
EndProject
Global
	GlobalSection(SolutionConfigurationPlatforms) = preSolution
		Debug|Any CPU = Debug|Any CPU
		Release|Any CPU = Release|Any CPU
	EndGlobalSection
	GlobalSection(ProjectConfigurationPlatforms) = postSolution
		{9A45C26A-CB2E-4FD2-997C-5281BA815790}.Debug|Any CPU.ActiveCfg = Debug|Any CPU
		{9A45C26A-CB2E-4FD2-997C-5281BA815790}.Debug|Any CPU.Build.0 = Debug|Any CPU
		{9A45C26A-CB2E-4FD2-997C-5281BA815790}.Release|Any CPU.ActiveCfg = Release|Any CPU
		{9A45C26A-CB2E-4FD2-997C-5281BA815790}.Release|Any CPU.Build.0 = Release|Any CPU
		{A4288A58-8A36-426A-9825-31B648613362}.Debug|Any CPU.ActiveCfg = Debug|Any CPU
		{A4288A58-8A36-426A-9825-31B648613362}.Debug|Any CPU.Build.0 = Debug|Any CPU
		{A4288A58-8A36-426A-9825-31B648613362}.Release|Any CPU.ActiveCfg = Release|Any CPU
		{A4288A58-8A36-426A-9825-31B648613362}.Release|Any CPU.Build.0 = Release|Any CPU
	EndGlobalSection
	GlobalSection(SolutionProperties) = preSolution
		HideSolutionNode = FALSE
	EndGlobalSection
	GlobalSection(ExtensibilityGlobals) = postSolution
		SolutionGuid = {618CCE28-0831-43CD-9100-303E6E3A6AF3}
	EndGlobalSection
EndGlobal
